<?xml version="1.0" encoding="UTF-8" standalone="yes" ?>
<CodeBlocks_project_file>
	<FileVersion major="1" minor="6" />
	<Project>
		<Option title="GefMoteur" />
		<Option pch_mode="2" />
		<Option compiler="gcc" />
		<Build>
			<Target title="Release">
				<Option output="libGefMoteur" prefix_auto="1" extension_auto="1" />
				<Option working_dir="" />
				<Option object_output="obj\Release\" />
				<Option type="2" />
				<Option compiler="gcc" />
				<Option createDefFile="1" />
				<Compiler>
					<Add option="-O2" />
					<Add option="-Wall" />
					<Add directory="..\..\include" />
				</Compiler>
				<Linker>
					<Add option="-s" />
				</Linker>
			</Target>
		</Build>
		<Unit filename="..\..\include\GefMoteur\GefApp.hpp" />
		<Unit filename="..\..\include\GefMoteur\GefAppSfml.hpp" />
		<Unit filename="..\..\include\GefMoteur\GefMoteur.hpp" />
		<Unit filename="..\..\include\GefMoteur\GefMoteurH.hpp" />
		<Unit filename="..\..\include\GefMoteur\GefRender.hpp" />
		<Unit filename="..\..\include\GefMoteur\GefRenderSfml.hpp" />
		<Unit filename="..\..\include\GefMoteur\GefSystem.hpp" />
		<Unit filename="..\..\include\GefMoteur\GefSystemSfml.hpp" />
		<Unit filename="..\..\src\GefApp.cpp" />
		<Unit filename="..\..\src\GefAppSfml.cpp" />
		<Unit filename="..\..\src\GefMoteur.cpp" />
		<Unit filename="..\..\src\GefMoteurH.cpp" />
		<Unit filename="..\..\src\GefRender.cpp" />
		<Unit filename="..\..\src\GefRenderSfml.cpp" />
		<Unit filename="..\..\src\GefSystemSfml.cpp" />
		<Extensions>
			<code_completion />
			<debugger />
		</Extensions>
	</Project>
</CodeBlocks_project_file>
